dependencies:
- name: circle1-port-openscienceframework
  repository: file://../circle1_port_openscienceframework
  version: 0.2.0
- name: circle1-port-zenodo
  repository: file://../circle1_port_zenodo
  version: 0.2.0
- name: circle1-port-owncloud
  repository: file://../circle1_port_owncloud
  version: 0.2.0
- name: circle1-port-openscienceframework
  repository: file://../circle1_port_openscienceframework
  version: 0.2.0
- name: circle1-port-datasafe
  repository: file://../circle1_port_datasafe
  version: 0.2.0
- name: circle1-port-reva
  repository: file://../circle1_port_reva
  version: 0.1.3
- name: circle2-exporter-service
  repository: file://../circle2_exporter_service
  version: 0.1.5
- name: circle2-port-service
  repository: file://../circle2_port_service
  version: 0.1.5
- name: circle2-metadata-service
  repository: file://../circle2_metadata_service
  version: 0.1.5
- name: circle3-token-storage
  repository: file://../circle3_token_storage
  version: 0.2.3
- name: circle3-research-manager
  repository: file://../circle3_research_manager
  version: 0.2.3
- name: jaeger
  repository: https://jaegertracing.github.io/helm-charts
  version: ^0.34.0
- name: redis-cluster
  repository: https://charts.bitnami.com/bitnami
  version: ^3.2.0
digest: sha256:8b2b1a581c1be890f71124d307ac75dbc552b580c8969786c6f23067fbf3affd
generated: "2021-01-19T10:48:58.9428752+01:00"
